uuid: 7665ead7-ad60-4498-870e-64f5b8390aae
langcode: en
status: true
dependencies:
  module:
    - rangoform
  theme:
    - bartik
id: thewalkerblock
theme: bartik
region: breadcrumb
weight: 0
provider: null
plugin: walker
settings:
  id: walker
  label: 'The walker block'
  provider: rangoform
  label_display: visible
visibility: {  }
